
Microsoft Visual Studio Solution File, Format Version 12.00
# Visual Studio Version 17
VisualStudioVersion = 17.13.35919.96 d17.13
MinimumVisualStudioVersion = 10.0.40219.1
Project("{FAE04EC0-301F-11D3-BF4B-00C04F79EFBC}") = "CLI", "CLI.csproj", "{84E832DB-C3DE-4683-B1E5-407E4B891613}"
EndProject
Global
	GlobalSection(SolutionConfigurationPlatforms) = preSolution
		Debug|Any CPU = Debug|Any CPU
		Release|Any CPU = Release|Any CPU
	EndGlobalSection
	GlobalSection(ProjectConfigurationPlatforms) = postSolution
		{84E832DB-C3DE-4683-B1E5-407E4B891613}.Debug|Any CPU.ActiveCfg = Debug|Any CPU
		{84E832DB-C3DE-4683-B1E5-407E4B891613}.Debug|Any CPU.Build.0 = Debug|Any CPU
		{84E832DB-C3DE-4683-B1E5-407E4B891613}.Release|Any CPU.ActiveCfg = Release|Any CPU
		{84E832DB-C3DE-4683-B1E5-407E4B891613}.Release|Any CPU.Build.0 = Release|Any CPU
	EndGlobalSection
	GlobalSection(SolutionProperties) = preSolution
		HideSolutionNode = FALSE
	EndGlobalSection
	GlobalSection(ExtensibilityGlobals) = postSolution
		SolutionGuid = {28F45DA9-C692-4948-831E-14EA6D2D66EF}
	EndGlobalSection
EndGlobal
